<?xml version="1.0" encoding="UTF-8"?>
<Project ToolsVersion="14.0" xmlns="http://schemas.microsoft.com/developer/msbuild/2003">
  <ItemGroup>
    <CustomBuild Include="E:\Workspace\MusicTools\Libraries\taglib-1.11.1\CMakeFiles\b6a27f33904dc5b70b95b4e271fa2637\generate.stamp.rule">
      <Filter>CMake Rules</Filter>
    </CustomBuild>
  </ItemGroup>
  <ItemGroup>
    <Filter Include="CMake Rules">
      <UniqueIdentifier>{4C64ED32-99ED-31B9-A4E7-F9296F20D43D}</UniqueIdentifier>
    </Filter>
  </ItemGroup>
</Project>
