Microsoft Visual Studio Solution File, Format Version 12.00
# Visual Studio 14
Project("{8BC9CEB8-8B4A-11D0-8D11-00A0C91BC942}") = "ALL_BUILD", "ALL_BUILD.vcxproj", "{FF10C8D1-512D-3F14-97C7-FAAAA75140BA}"
	ProjectSection(ProjectDependencies) = postProject
		{80FF2426-970A-3708-A27C-2A4E997C9E98} = {80FF2426-970A-3708-A27C-2A4E997C9E98}
		{B97D569B-8158-3C7E-BF93-6E19F844F539} = {B97D569B-8158-3C7E-BF93-6E19F844F539}
		{198C9AAB-DA3E-389D-9B07-23410DCCABA0} = {198C9AAB-DA3E-389D-9B07-23410DCCABA0}
		{F8886FC5-F155-3744-9BE4-42DBCC617B55} = {F8886FC5-F155-3744-9BE4-42DBCC617B55}
		{C986B32E-A3CC-3732-8489-4E76E1001C06} = {C986B32E-A3CC-3732-8489-4E76E1001C06}
	EndProjectSection
EndProject
Project("{8BC9CEB8-8B4A-11D0-8D11-00A0C91BC942}") = "INSTALL", "INSTALL.vcxproj", "{8D0D9E13-DF97-3DE8-99BA-0878AD222B15}"
	ProjectSection(ProjectDependencies) = postProject
		{FF10C8D1-512D-3F14-97C7-FAAAA75140BA} = {FF10C8D1-512D-3F14-97C7-FAAAA75140BA}
		{80FF2426-970A-3708-A27C-2A4E997C9E98} = {80FF2426-970A-3708-A27C-2A4E997C9E98}
	EndProjectSection
EndProject
Project("{8BC9CEB8-8B4A-11D0-8D11-00A0C91BC942}") = "RUN_TESTS", "RUN_TESTS.vcxproj", "{1CA61708-B74E-3697-A30C-F615927F0A19}"
	ProjectSection(ProjectDependencies) = postProject
		{80FF2426-970A-3708-A27C-2A4E997C9E98} = {80FF2426-970A-3708-A27C-2A4E997C9E98}
	EndProjectSection
EndProject
Project("{8BC9CEB8-8B4A-11D0-8D11-00A0C91BC942}") = "ZERO_CHECK", "ZERO_CHECK.vcxproj", "{80FF2426-970A-3708-A27C-2A4E997C9E98}"
	ProjectSection(ProjectDependencies) = postProject
	EndProjectSection
EndProject
Project("{8BC9CEB8-8B4A-11D0-8D11-00A0C91BC942}") = "example", "example.vcxproj", "{B97D569B-8158-3C7E-BF93-6E19F844F539}"
	ProjectSection(ProjectDependencies) = postProject
		{80FF2426-970A-3708-A27C-2A4E997C9E98} = {80FF2426-970A-3708-A27C-2A4E997C9E98}
		{F8886FC5-F155-3744-9BE4-42DBCC617B55} = {F8886FC5-F155-3744-9BE4-42DBCC617B55}
	EndProjectSection
EndProject
Project("{8BC9CEB8-8B4A-11D0-8D11-00A0C91BC942}") = "minigzip", "minigzip.vcxproj", "{198C9AAB-DA3E-389D-9B07-23410DCCABA0}"
	ProjectSection(ProjectDependencies) = postProject
		{80FF2426-970A-3708-A27C-2A4E997C9E98} = {80FF2426-970A-3708-A27C-2A4E997C9E98}
		{F8886FC5-F155-3744-9BE4-42DBCC617B55} = {F8886FC5-F155-3744-9BE4-42DBCC617B55}
	EndProjectSection
EndProject
Project("{8BC9CEB8-8B4A-11D0-8D11-00A0C91BC942}") = "zlib", "zlib.vcxproj", "{F8886FC5-F155-3744-9BE4-42DBCC617B55}"
	ProjectSection(ProjectDependencies) = postProject
		{80FF2426-970A-3708-A27C-2A4E997C9E98} = {80FF2426-970A-3708-A27C-2A4E997C9E98}
	EndProjectSection
EndProject
Project("{8BC9CEB8-8B4A-11D0-8D11-00A0C91BC942}") = "zlibstatic", "zlibstatic.vcxproj", "{C986B32E-A3CC-3732-8489-4E76E1001C06}"
	ProjectSection(ProjectDependencies) = postProject
		{80FF2426-970A-3708-A27C-2A4E997C9E98} = {80FF2426-970A-3708-A27C-2A4E997C9E98}
	EndProjectSection
EndProject
Global
	GlobalSection(SolutionConfigurationPlatforms) = preSolution
		Debug|x64 = Debug|x64
		Release|x64 = Release|x64
		MinSizeRel|x64 = MinSizeRel|x64
		RelWithDebInfo|x64 = RelWithDebInfo|x64
	EndGlobalSection
	GlobalSection(ProjectConfigurationPlatforms) = postSolution
		{FF10C8D1-512D-3F14-97C7-FAAAA75140BA}.Debug|x64.ActiveCfg = Debug|x64
		{FF10C8D1-512D-3F14-97C7-FAAAA75140BA}.Debug|x64.Build.0 = Debug|x64
		{FF10C8D1-512D-3F14-97C7-FAAAA75140BA}.Release|x64.ActiveCfg = Release|x64
		{FF10C8D1-512D-3F14-97C7-FAAAA75140BA}.Release|x64.Build.0 = Release|x64
		{FF10C8D1-512D-3F14-97C7-FAAAA75140BA}.MinSizeRel|x64.ActiveCfg = MinSizeRel|x64
		{FF10C8D1-512D-3F14-97C7-FAAAA75140BA}.MinSizeRel|x64.Build.0 = MinSizeRel|x64
		{FF10C8D1-512D-3F14-97C7-FAAAA75140BA}.RelWithDebInfo|x64.ActiveCfg = RelWithDebInfo|x64
		{FF10C8D1-512D-3F14-97C7-FAAAA75140BA}.RelWithDebInfo|x64.Build.0 = RelWithDebInfo|x64
		{8D0D9E13-DF97-3DE8-99BA-0878AD222B15}.Debug|x64.ActiveCfg = Debug|x64
		{8D0D9E13-DF97-3DE8-99BA-0878AD222B15}.Release|x64.ActiveCfg = Release|x64
		{8D0D9E13-DF97-3DE8-99BA-0878AD222B15}.MinSizeRel|x64.ActiveCfg = MinSizeRel|x64
		{8D0D9E13-DF97-3DE8-99BA-0878AD222B15}.RelWithDebInfo|x64.ActiveCfg = RelWithDebInfo|x64
		{1CA61708-B74E-3697-A30C-F615927F0A19}.Debug|x64.ActiveCfg = Debug|x64
		{1CA61708-B74E-3697-A30C-F615927F0A19}.Release|x64.ActiveCfg = Release|x64
		{1CA61708-B74E-3697-A30C-F615927F0A19}.MinSizeRel|x64.ActiveCfg = MinSizeRel|x64
		{1CA61708-B74E-3697-A30C-F615927F0A19}.RelWithDebInfo|x64.ActiveCfg = RelWithDebInfo|x64
		{80FF2426-970A-3708-A27C-2A4E997C9E98}.Debug|x64.ActiveCfg = Debug|x64
		{80FF2426-970A-3708-A27C-2A4E997C9E98}.Debug|x64.Build.0 = Debug|x64
		{80FF2426-970A-3708-A27C-2A4E997C9E98}.Release|x64.ActiveCfg = Release|x64
		{80FF2426-970A-3708-A27C-2A4E997C9E98}.Release|x64.Build.0 = Release|x64
		{80FF2426-970A-3708-A27C-2A4E997C9E98}.MinSizeRel|x64.ActiveCfg = MinSizeRel|x64
		{80FF2426-970A-3708-A27C-2A4E997C9E98}.MinSizeRel|x64.Build.0 = MinSizeRel|x64
		{80FF2426-970A-3708-A27C-2A4E997C9E98}.RelWithDebInfo|x64.ActiveCfg = RelWithDebInfo|x64
		{80FF2426-970A-3708-A27C-2A4E997C9E98}.RelWithDebInfo|x64.Build.0 = RelWithDebInfo|x64
		{B97D569B-8158-3C7E-BF93-6E19F844F539}.Debug|x64.ActiveCfg = Debug|x64
		{B97D569B-8158-3C7E-BF93-6E19F844F539}.Debug|x64.Build.0 = Debug|x64
		{B97D569B-8158-3C7E-BF93-6E19F844F539}.Release|x64.ActiveCfg = Release|x64
		{B97D569B-8158-3C7E-BF93-6E19F844F539}.Release|x64.Build.0 = Release|x64
		{B97D569B-8158-3C7E-BF93-6E19F844F539}.MinSizeRel|x64.ActiveCfg = MinSizeRel|x64
		{B97D569B-8158-3C7E-BF93-6E19F844F539}.MinSizeRel|x64.Build.0 = MinSizeRel|x64
		{B97D569B-8158-3C7E-BF93-6E19F844F539}.RelWithDebInfo|x64.ActiveCfg = RelWithDebInfo|x64
		{B97D569B-8158-3C7E-BF93-6E19F844F539}.RelWithDebInfo|x64.Build.0 = RelWithDebInfo|x64
		{198C9AAB-DA3E-389D-9B07-23410DCCABA0}.Debug|x64.ActiveCfg = Debug|x64
		{198C9AAB-DA3E-389D-9B07-23410DCCABA0}.Debug|x64.Build.0 = Debug|x64
		{198C9AAB-DA3E-389D-9B07-23410DCCABA0}.Release|x64.ActiveCfg = Release|x64
		{198C9AAB-DA3E-389D-9B07-23410DCCABA0}.Release|x64.Build.0 = Release|x64
		{198C9AAB-DA3E-389D-9B07-23410DCCABA0}.MinSizeRel|x64.ActiveCfg = MinSizeRel|x64
		{198C9AAB-DA3E-389D-9B07-23410DCCABA0}.MinSizeRel|x64.Build.0 = MinSizeRel|x64
		{198C9AAB-DA3E-389D-9B07-23410DCCABA0}.RelWithDebInfo|x64.ActiveCfg = RelWithDebInfo|x64
		{198C9AAB-DA3E-389D-9B07-23410DCCABA0}.RelWithDebInfo|x64.Build.0 = RelWithDebInfo|x64
		{F8886FC5-F155-3744-9BE4-42DBCC617B55}.Debug|x64.ActiveCfg = Debug|x64
		{F8886FC5-F155-3744-9BE4-42DBCC617B55}.Debug|x64.Build.0 = Debug|x64
		{F8886FC5-F155-3744-9BE4-42DBCC617B55}.Release|x64.ActiveCfg = Release|x64
		{F8886FC5-F155-3744-9BE4-42DBCC617B55}.Release|x64.Build.0 = Release|x64
		{F8886FC5-F155-3744-9BE4-42DBCC617B55}.MinSizeRel|x64.ActiveCfg = MinSizeRel|x64
		{F8886FC5-F155-3744-9BE4-42DBCC617B55}.MinSizeRel|x64.Build.0 = MinSizeRel|x64
		{F8886FC5-F155-3744-9BE4-42DBCC617B55}.RelWithDebInfo|x64.ActiveCfg = RelWithDebInfo|x64
		{F8886FC5-F155-3744-9BE4-42DBCC617B55}.RelWithDebInfo|x64.Build.0 = RelWithDebInfo|x64
		{C986B32E-A3CC-3732-8489-4E76E1001C06}.Debug|x64.ActiveCfg = Debug|x64
		{C986B32E-A3CC-3732-8489-4E76E1001C06}.Debug|x64.Build.0 = Debug|x64
		{C986B32E-A3CC-3732-8489-4E76E1001C06}.Release|x64.ActiveCfg = Release|x64
		{C986B32E-A3CC-3732-8489-4E76E1001C06}.Release|x64.Build.0 = Release|x64
		{C986B32E-A3CC-3732-8489-4E76E1001C06}.MinSizeRel|x64.ActiveCfg = MinSizeRel|x64
		{C986B32E-A3CC-3732-8489-4E76E1001C06}.MinSizeRel|x64.Build.0 = MinSizeRel|x64
		{C986B32E-A3CC-3732-8489-4E76E1001C06}.RelWithDebInfo|x64.ActiveCfg = RelWithDebInfo|x64
		{C986B32E-A3CC-3732-8489-4E76E1001C06}.RelWithDebInfo|x64.Build.0 = RelWithDebInfo|x64
	EndGlobalSection
	GlobalSection(ExtensibilityGlobals) = postSolution
	EndGlobalSection
	GlobalSection(ExtensibilityAddIns) = postSolution
	EndGlobalSection
EndGlobal
